{
  "name": "uiyj_fn",
  "version": "1.0.0",
  "lockfileVersion": 3,
  "requires": true,
  "packages": {
    "": {
      "name": "uiyj_fn",
      "version": "1.0.0",
      "license": "ISC",
      "dependencies": {
        "uiyj_fn": "^1.0.0"
      }
    },
    "node_modules/uiyj_fn": {
      "version": "1.0.0",
      "resolved": "https://registry.npmjs.org/uiyj_fn/-/uiyj_fn-1.0.0.tgz",
      "integrity": "sha512-d4v4hVL3D8qSp7TzgPw8Opk0m30ufJJ/BcgPw5B+tCD94iy27QAIldtfeIV+dMHMEseb+8wStTvX6NHZnKHMNg=="
    }
  }
}
